
Microsoft Visual Studio Solution File, Format Version 12.00
# Visual Studio Version 16
VisualStudioVersion = 16.0.30523.141
MinimumVisualStudioVersion = 10.0.40219.1
Project("{9A19103F-16F7-4668-BE54-9A1E7A4F7556}") = "Scenario2.Api.Generated", "src\Scenario2.Api.Generated\Scenario2.Api.Generated.csproj", "{d0e33245-3dfd-4153-8c6f-8f30dd09c6a2}"
EndProject
Project("{9A19103F-16F7-4668-BE54-9A1E7A4F7556}") = "Scenario2.Domain", "src\Scenario2.Domain\Scenario2.Domain.csproj", "{5114f7f0-0e51-431f-911e-3aaf3470e32c}"
EndProject
Project("{9A19103F-16F7-4668-BE54-9A1E7A4F7556}") = "Scenario2.Api", "src\Scenario2.Api\Scenario2.Api.csproj", "{6434074c-d5c1-4df2-a7d2-55193990da23}"
EndProject
Project("{9A19103F-16F7-4668-BE54-9A1E7A4F7556}") = "Scenario2.Api.Generated.Tests", "test\Scenario2.Api.Generated.Tests\Scenario2.Api.Generated.Tests.csproj", "{faab1265-1407-4534-9e3e-41b51c241fe1}"
EndProject
Project("{9A19103F-16F7-4668-BE54-9A1E7A4F7556}") = "Scenario2.Domain.Tests", "test\Scenario2.Domain.Tests\Scenario2.Domain.Tests.csproj", "{2e9a8d6f-1a7b-4400-bdec-b0d4e968c74c}"
EndProject
Project("{9A19103F-16F7-4668-BE54-9A1E7A4F7556}") = "Scenario2.Api.Tests", "test\Scenario2.Api.Tests\Scenario2.Api.Tests.csproj", "{6db0aa5c-f926-4a24-86b8-c09df6a4d382}"
EndProject
Global
	GlobalSection(SolutionConfigurationPlatforms) = preSolution
		Debug|Any CPU = Debug|Any CPU
		Release|Any CPU = Release|Any CPU
	EndGlobalSection
	GlobalSection(ProjectConfigurationPlatforms) = postSolution
		{d0e33245-3dfd-4153-8c6f-8f30dd09c6a2}.Debug|Any CPU.ActiveCfg = Debug|Any CPU
		{d0e33245-3dfd-4153-8c6f-8f30dd09c6a2}.Debug|Any CPU.Build.0 = Debug|Any CPU
		{d0e33245-3dfd-4153-8c6f-8f30dd09c6a2}.Release|Any CPU.ActiveCfg = Release|Any CPU
		{d0e33245-3dfd-4153-8c6f-8f30dd09c6a2}.Release|Any CPU.Build.0 = Release|Any CPU
		{5114f7f0-0e51-431f-911e-3aaf3470e32c}.Debug|Any CPU.ActiveCfg = Debug|Any CPU
		{5114f7f0-0e51-431f-911e-3aaf3470e32c}.Debug|Any CPU.Build.0 = Debug|Any CPU
		{5114f7f0-0e51-431f-911e-3aaf3470e32c}.Release|Any CPU.ActiveCfg = Release|Any CPU
		{5114f7f0-0e51-431f-911e-3aaf3470e32c}.Release|Any CPU.Build.0 = Release|Any CPU
		{6434074c-d5c1-4df2-a7d2-55193990da23}.Debug|Any CPU.ActiveCfg = Debug|Any CPU
		{6434074c-d5c1-4df2-a7d2-55193990da23}.Debug|Any CPU.Build.0 = Debug|Any CPU
		{6434074c-d5c1-4df2-a7d2-55193990da23}.Release|Any CPU.ActiveCfg = Release|Any CPU
		{6434074c-d5c1-4df2-a7d2-55193990da23}.Release|Any CPU.Build.0 = Release|Any CPU
		{faab1265-1407-4534-9e3e-41b51c241fe1}.Debug|Any CPU.ActiveCfg = Debug|Any CPU
		{faab1265-1407-4534-9e3e-41b51c241fe1}.Debug|Any CPU.Build.0 = Debug|Any CPU
		{faab1265-1407-4534-9e3e-41b51c241fe1}.Release|Any CPU.ActiveCfg = Release|Any CPU
		{faab1265-1407-4534-9e3e-41b51c241fe1}.Release|Any CPU.Build.0 = Release|Any CPU
		{2e9a8d6f-1a7b-4400-bdec-b0d4e968c74c}.Debug|Any CPU.ActiveCfg = Debug|Any CPU
		{2e9a8d6f-1a7b-4400-bdec-b0d4e968c74c}.Debug|Any CPU.Build.0 = Debug|Any CPU
		{2e9a8d6f-1a7b-4400-bdec-b0d4e968c74c}.Release|Any CPU.ActiveCfg = Release|Any CPU
		{2e9a8d6f-1a7b-4400-bdec-b0d4e968c74c}.Release|Any CPU.Build.0 = Release|Any CPU
		{6db0aa5c-f926-4a24-86b8-c09df6a4d382}.Debug|Any CPU.ActiveCfg = Debug|Any CPU
		{6db0aa5c-f926-4a24-86b8-c09df6a4d382}.Debug|Any CPU.Build.0 = Debug|Any CPU
		{6db0aa5c-f926-4a24-86b8-c09df6a4d382}.Release|Any CPU.ActiveCfg = Release|Any CPU
		{6db0aa5c-f926-4a24-86b8-c09df6a4d382}.Release|Any CPU.Build.0 = Release|Any CPU
	EndGlobalSection
	GlobalSection(SolutionProperties) = preSolution
		HideSolutionNode = FALSE
	EndGlobalSection
	GlobalSection(ExtensibilityGlobals) = postSolution
		SolutionGuid = {b1f56ab5-beab-45a1-bf00-e417b67d3821}
	EndGlobalSection
EndGlobal
